// !$*UTF8*$!
{
	archiveVersion = 1;
	classes = {
	};
	objectVersion = 46;
	objects = {

/* Begin PBXBuildFile section */
		8790975E1D5354F2001C276C /* main.m in Sources */ = {isa = PBXBuildFile; fileRef = 8790975D1D5354F2001C276C /* main.m */; };
		879097611D5354F2001C276C /* AppDelegate.m in Sources */ = {isa = PBXBuildFile; fileRef = 879097601D5354F2001C276C /* AppDelegate.m */; };
		879097671D5354F2001C276C /* Main.storyboard in Resources */ = {isa = PBXBuildFile; fileRef = 879097651D5354F2001C276C /* Main.storyboard */; };
		879097691D5354F2001C276C /* Assets.xcassets in Resources */ = {isa = PBXBuildFile; fileRef = 879097681D5354F2001C276C /* Assets.xcassets */; };
		8790976C1D5354F2001C276C /* LaunchScreen.storyboard in Resources */ = {isa = PBXBuildFile; fileRef = 8790976A1D5354F2001C276C /* LaunchScreen.storyboard */; };
		87BB215E1D5357AE00AB5948 /* DropdownDialog.framework in Frameworks */ = {isa = PBXBuildFile; fileRef = 87BB215D1D5357AD00AB5948 /* DropdownDialog.framework */; };
		87BB215F1D5357AE00AB5948 /* DropdownDialog.framework in Embed Frameworks */ = {isa = PBXBuildFile; fileRef = 87BB215D1D5357AD00AB5948 /* DropdownDialog.framework */; settings = {ATTRIBUTES = (CodeSignOnCopy, RemoveHeadersOnCopy, ); }; };
		87BB21631D53586F00AB5948 /* MyTableViewController.m in Sources */ = {isa = PBXBuildFile; fileRef = 87BB21621D53586F00AB5948 /* MyTableViewController.m */; };
/* End PBXBuildFile section */

/* Begin PBXCopyFilesBuildPhase section */
		87BB21601D5357AE00AB5948 /* Embed Frameworks */ = {
			isa = PBXCopyFilesBuildPhase;
			buildActionMask = 2147483647;
			dstPath = "";
			dstSubfolderSpec = 10;
			files = (
				87BB215F1D5357AE00AB5948 /* DropdownDialog.framework in Embed Frameworks */,
			);
			name = "Embed Frameworks";
			runOnlyForDeploymentPostprocessing = 0;
		};
/* End PBXCopyFilesBuildPhase section */

/* Begin PBXFileReference section */
		879097591D5354F0001C276C /* DropDownTable.app */ = {isa = PBXFileReference; explicitFileType = wrapper.application; includeInIndex = 0; path = DropDownTable.app; sourceTree = BUILT_PRODUCTS_DIR; };
		8790975D1D5354F2001C276C /* main.m */ = {isa = PBXFileReference; lastKnownFileType = sourcecode.c.objc; path = main.m; sourceTree = "<group>"; };
		8790975F1D5354F2001C276C /* AppDelegate.h */ = {isa = PBXFileReference; lastKnownFileType = sourcecode.c.h; path = AppDelegate.h; sourceTree = "<group>"; };
		879097601D5354F2001C276C /* AppDelegate.m */ = {isa = PBXFileReference; lastKnownFileType = sourcecode.c.objc; path = AppDelegate.m; sourceTree = "<group>"; };
		879097661D5354F2001C276C /* Base */ = {isa = PBXFileReference; lastKnownFileType = file.storyboard; name = Base; path = Base.lproj/Main.storyboard; sourceTree = "<group>"; };
		879097681D5354F2001C276C /* Assets.xcassets */ = {isa = PBXFileReference; lastKnownFileType = folder.assetcatalog; path = Assets.xcassets; sourceTree = "<group>"; };
		8790976B1D5354F2001C276C /* Base */ = {isa = PBXFileReference; lastKnownFileType = file.storyboard; name = Base; path = Base.lproj/LaunchScreen.storyboard; sourceTree = "<group>"; };
		8790976D1D5354F2001C276C /* Info.plist */ = {isa = PBXFileReference; lastKnownFileType = text.plist.xml; path = Info.plist; sourceTree = "<group>"; };
		87BB215D1D5357AD00AB5948 /* DropdownDialog.framework */ = {isa = PBXFileReference; lastKnownFileType = wrapper.framework; path = DropdownDialog.framework; sourceTree = "<group>"; };
		87BB21611D53586F00AB5948 /* MyTableViewController.h */ = {isa = PBXFileReference; fileEncoding = 4; lastKnownFileType = sourcecode.c.h; path = MyTableViewController.h; sourceTree = "<group>"; };
		87BB21621D53586F00AB5948 /* MyTableViewController.m */ = {isa = PBXFileReference; fileEncoding = 4; lastKnownFileType = sourcecode.c.objc; path = MyTableViewController.m; sourceTree = "<group>"; };
/* End PBXFileReference section */

/* Begin PBXFrameworksBuildPhase section */
		879097561D5354F0001C276C /* Frameworks */ = {
			isa = PBXFrameworksBuildPhase;
			buildActionMask = 2147483647;
			files = (
				87BB215E1D5357AE00AB5948 /* DropdownDialog.framework in Frameworks */,
			);
			runOnlyForDeploymentPostprocessing = 0;
		};
/* End PBXFrameworksBuildPhase section */

/* Begin PBXGroup section */
		879097501D5354F0001C276C = {
			isa = PBXGroup;
			children = (
				87BB215D1D5357AD00AB5948 /* DropdownDialog.framework */,
				8790975B1D5354F2001C276C /* DropDownTable */,
				8790975A1D5354F0001C276C /* Products */,
			);
			sourceTree = "<group>";
		};
		8790975A1D5354F0001C276C /* Products */ = {
			isa = PBXGroup;
			children = (
				879097591D5354F0001C276C /* DropDownTable.app */,
			);
			name = Products;
			sourceTree = "<group>";
		};
		8790975B1D5354F2001C276C /* DropDownTable */ = {
			isa = PBXGroup;
			children = (
				87BB21611D53586F00AB5948 /* MyTableViewController.h */,
				87BB21621D53586F00AB5948 /* MyTableViewController.m */,
				8790975F1D5354F2001C276C /* AppDelegate.h */,
				879097601D5354F2001C276C /* AppDelegate.m */,
				879097651D5354F2001C276C /* Main.storyboard */,
				879097681D5354F2001C276C /* Assets.xcassets */,
				8790976A1D5354F2001C276C /* LaunchScreen.storyboard */,
				8790976D1D5354F2001C276C /* Info.plist */,
				8790975C1D5354F2001C276C /* Supporting Files */,
			);
			path = DropDownTable;
			sourceTree = "<group>";
		};
		8790975C1D5354F2001C276C /* Supporting Files */ = {
			isa = PBXGroup;
			children = (
				8790975D1D5354F2001C276C /* main.m */,
			);
			name = "Supporting Files";
			sourceTree = "<group>";
		};
/* End PBXGroup section */

/* Begin PBXNativeTarget section */
		879097581D5354F0001C276C /* DropDownTable */ = {
			isa = PBXNativeTarget;
			buildConfigurationList = 879097701D5354F2001C276C /* Build configuration list for PBXNativeTarget "DropDownTable" */;
			buildPhases = (
				879097551D5354F0001C276C /* Sources */,
				879097561D5354F0001C276C /* Frameworks */,
				879097571D5354F0001C276C /* Resources */,
				87BB21601D5357AE00AB5948 /* Embed Frameworks */,
			);
			buildRules = (
			);
			dependencies = (
			);
			name = DropDownTable;
			productName = DropDownTable;
			productReference = 879097591D5354F0001C276C /* DropDownTable.app */;
			productType = "com.apple.product-type.application";
		};
/* End PBXNativeTarget section */

/* Begin PBXProject section */
		879097511D5354F0001C276C /* Project object */ = {
			isa = PBXProject;
			attributes = {
				LastUpgradeCheck = 0730;
				ORGANIZATIONNAME = mckenna;
				TargetAttributes = {
					879097581D5354F0001C276C = {
						CreatedOnToolsVersion = 7.3.1;
					};
				};
			};
			buildConfigurationList = 879097541D5354F0001C276C /* Build configuration list for PBXProject "DropDownTable" */;
			compatibilityVersion = "Xcode 3.2";
			developmentRegion = English;
			hasScannedForEncodings = 0;
			knownRegions = (
				en,
				Base,
			);
			mainGroup = 879097501D5354F0001C276C;
			productRefGroup = 8790975A1D5354F0001C276C /* Products */;
			projectDirPath = "";
			projectRoot = "";
			targets = (
				879097581D5354F0001C276C /* DropDownTable */,
			);
		};
/* End PBXProject section */

/* Begin PBXResourcesBuildPhase section */
		879097571D5354F0001C276C /* Resources */ = {
			isa = PBXResourcesBuildPhase;
			buildActionMask = 2147483647;
			files = (
				8790976C1D5354F2001C276C /* LaunchScreen.storyboard in Resources */,
				879097691D5354F2001C276C /* Assets.xcassets in Resources */,
				879097671D5354F2001C276C /* Main.storyboard in Resources */,
			);
			runOnlyForDeploymentPostprocessing = 0;
		};
/* End PBXResourcesBuildPhase section */

/* Begin PBXSourcesBuildPhase section */
		879097551D5354F0001C276C /* Sources */ = {
			isa = PBXSourcesBuildPhase;
			buildActionMask = 2147483647;
			files = (
				87BB21631D53586F00AB5948 /* MyTableViewController.m in Sources */,
				879097611D5354F2001C276C /* AppDelegate.m in Sources */,
				8790975E1D5354F2001C276C /* main.m in Sources */,
			);
			runOnlyForDeploymentPostprocessing = 0;
		};
/* End PBXSourcesBuildPhase section */

/* Begin PBXVariantGroup section */
		879097651D5354F2001C276C /* Main.storyboard */ = {
			isa = PBXVariantGroup;
			children = (
				879097661D5354F2001C276C /* Base */,
			);
			name = Main.storyboard;
			sourceTree = "<group>";
		};
		8790976A1D5354F2001C276C /* LaunchScreen.storyboard */ = {
			isa = PBXVariantGroup;
			children = (
				8790976B1D5354F2001C276C /* Base */,
			);
			name = LaunchScreen.storyboard;
			sourceTree = "<group>";
		};
/* End PBXVariantGroup section */

/* Begin XCBuildConfiguration section */
		8790976E1D5354F2001C276C /* Debug */ = {
			isa = XCBuildConfiguration;
			buildSettings = {
				ALWAYS_SEARCH_USER_PATHS = NO;
				CLANG_ANALYZER_NONNULL = YES;
				CLANG_CXX_LANGUAGE_STANDARD = "gnu++0x";
				CLANG_CXX_LIBRARY = "libc++";
				CLANG_ENABLE_MODULES = YES;
				CLANG_ENABLE_OBJC_ARC = YES;
				CLANG_WARN_BOOL_CONVERSION = YES;
				CLANG_WARN_CONSTANT_CONVERSION = YES;
				CLANG_WARN_DIRECT_OBJC_ISA_USAGE = YES_ERROR;
				CLANG_WARN_EMPTY_BODY = YES;
				CLANG_WARN_ENUM_CONVERSION = YES;
				CLANG_WARN_INT_CONVERSION = YES;
				CLANG_WARN_OBJC_ROOT_CLASS = YES_ERROR;
				CLANG_WARN_UNREACHABLE_CODE = YES;
				CLANG_WARN__DUPLICATE_METHOD_MATCH = YES;
				"CODE_SIGN_IDENTITY[sdk=iphoneos*]" = "iPhone Developer";
				COPY_PHASE_STRIP = NO;
				DEBUG_INFORMATION_FORMAT = dwarf;
				ENABLE_STRICT_OBJC_MSGSEND = YES;
				ENABLE_TESTABILITY = YES;
				GCC_C_LANGUAGE_STANDARD = gnu99;
				GCC_DYNAMIC_NO_PIC = NO;
				GCC_NO_COMMON_BLOCKS = YES;
				GCC_OPTIMIZATION_LEVEL = 0;
				GCC_PREPROCESSOR_DEFINITIONS = (
					"DEBUG=1",
					"$(inherited)",
				);
				GCC_WARN_64_TO_32_BIT_CONVERSION = YES;
				GCC_WARN_ABOUT_RETURN_TYPE = YES_ERROR;
				GCC_WARN_UNDECLARED_SELECTOR = YES;
				GCC_WARN_UNINITIALIZED_AUTOS = YES_AGGRESSIVE;
				GCC_WARN_UNUSED_FUNCTION = YES;
				GCC_WARN_UNUSED_VARIABLE = YES;
				IPHONEOS_DEPLOYMENT_TARGET = 9.3;
				MTL_ENABLE_DEBUG_INFO = YES;
				ONLY_ACTIVE_ARCH = YES;
				SDKROOT = iphoneos;
			};
			name = Debug;
		};
		8790976F1D5354F2001C276C /* Release */ = {
			isa = XCBuildConfiguration;
			buildSettings = {
				ALWAYS_SEARCH_USER_PATHS = NO;
				CLANG_ANALYZER_NONNULL = YES;
				CLANG_CXX_LANGUAGE_STANDARD = "gnu++0x";
				CLANG_CXX_LIBRARY = "libc++";
				CLANG_ENABLE_MODULES = YES;
				CLANG_ENABLE_OBJC_ARC = YES;
				CLANG_WARN_BOOL_CONVERSION = YES;
				CLANG_WARN_CONSTANT_CONVERSION = YES;
				CLANG_WARN_DIRECT_OBJC_ISA_USAGE = YES_ERROR;
				CLANG_WARN_EMPTY_BODY = YES;
				CLANG_WARN_ENUM_CONVERSION = YES;
				CLANG_WARN_INT_CONVERSION = YES;
				CLANG_WARN_OBJC_ROOT_CLASS = YES_ERROR;
				CLANG_WARN_UNREACHABLE_CODE = YES;
				CLANG_WARN__DUPLICATE_METHOD_MATCH = YES;
				"CODE_SIGN_IDENTITY[sdk=iphoneos*]" = "iPhone Developer";
				COPY_PHASE_STRIP = NO;
				DEBUG_INFORMATION_FORMAT = "dwarf-with-dsym";
				ENABLE_NS_ASSERTIONS = NO;
				ENABLE_STRICT_OBJC_MSGSEND = YES;
				GCC_C_LANGUAGE_STANDARD = gnu99;
				GCC_NO_COMMON_BLOCKS = YES;
				GCC_WARN_64_TO_32_BIT_CONVERSION = YES;
				GCC_WARN_ABOUT_RETURN_TYPE = YES_ERROR;
				GCC_WARN_UNDECLARED_SELECTOR = YES;
				GCC_WARN_UNINITIALIZED_AUTOS = YES_AGGRESSIVE;
				GCC_WARN_UNUSED_FUNCTION = YES;
				GCC_WARN_UNUSED_VARIABLE = YES;
				IPHONEOS_DEPLOYMENT_TARGET = 9.3;
				MTL_ENABLE_DEBUG_INFO = NO;
				SDKROOT = iphoneos;
				VALIDATE_PRODUCT = YES;
			};
			name = Release;
		};
		879097711D5354F2001C276C /* Debug */ = {
			isa = XCBuildConfiguration;
			buildSettings = {
				ASSETCATALOG_COMPILER_APPICON_NAME = AppIcon;
				FRAMEWORK_SEARCH_PATHS = (
					"$(inherited)",
					"$(PROJECT_DIR)",
				);
				INFOPLIST_FILE = DropDownTable/Info.plist;
				LD_RUNPATH_SEARCH_PATHS = "$(inherited) @executable_path/Frameworks";
				PRODUCT_BUNDLE_IDENTIFIER = com.mckenna.DropDownTable;
				PRODUCT_NAME = "$(TARGET_NAME)";
			};
			name = Debug;
		};
		879097721D5354F2001C276C /* Release */ = {
			isa = XCBuildConfiguration;
			buildSettings = {
				ASSETCATALOG_COMPILER_APPICON_NAME = AppIcon;
				FRAMEWORK_SEARCH_PATHS = (
					"$(inherited)",
					"$(PROJECT_DIR)",
				);
				INFOPLIST_FILE = DropDownTable/Info.plist;
				LD_RUNPATH_SEARCH_PATHS = "$(inherited) @executable_path/Frameworks";
				PRODUCT_BUNDLE_IDENTIFIER = com.mckenna.DropDownTable;
				PRODUCT_NAME = "$(TARGET_NAME)";
			};
			name = Release;
		};
/* End XCBuildConfiguration section */

/* Begin XCConfigurationList section */
		879097541D5354F0001C276C /* Build configuration list for PBXProject "DropDownTable" */ = {
			isa = XCConfigurationList;
			buildConfigurations = (
				8790976E1D5354F2001C276C /* Debug */,
				8790976F1D5354F2001C276C /* Release */,
			);
			defaultConfigurationIsVisible = 0;
			defaultConfigurationName = Release;
		};
		879097701D5354F2001C276C /* Build configuration list for PBXNativeTarget "DropDownTable" */ = {
			isa = XCConfigurationList;
			buildConfigurations = (
				879097711D5354F2001C276C /* Debug */,
				879097721D5354F2001C276C /* Release */,
			);
			defaultConfigurationIsVisible = 0;
			defaultConfigurationName = Release;
		};
/* End XCConfigurationList section */
	};
	rootObject = 879097511D5354F0001C276C /* Project object */;
}
